
Microsoft Visual Studio Solution File, Format Version 12.00
# Visual Studio Version 17
VisualStudioVersion = 17.1.32328.378
MinimumVisualStudioVersion = 10.0.40219.1
Project("{FAE04EC0-301F-11D3-BF4B-00C04F79EFBC}") = "NumberToWordConverter", "NumberToWordConverter.csproj", "{CD490C24-9993-47A1-8BFC-F2EE93FF8E7B}"
EndProject
Project("{FAE04EC0-301F-11D3-BF4B-00C04F79EFBC}") = "NumberToWordConverter.UnitTests", "..\NumberToWordConverter.UnitTests\NumberToWordConverter.UnitTests.csproj", "{4B1B2A2D-588E-4CAC-8F73-6AE4A65C352D}"
EndProject
Global
	GlobalSection(SolutionConfigurationPlatforms) = preSolution
		Debug|Any CPU = Debug|Any CPU
		Release|Any CPU = Release|Any CPU
	EndGlobalSection
	GlobalSection(ProjectConfigurationPlatforms) = postSolution
		{CD490C24-9993-47A1-8BFC-F2EE93FF8E7B}.Debug|Any CPU.ActiveCfg = Debug|Any CPU
		{CD490C24-9993-47A1-8BFC-F2EE93FF8E7B}.Debug|Any CPU.Build.0 = Debug|Any CPU
		{CD490C24-9993-47A1-8BFC-F2EE93FF8E7B}.Release|Any CPU.ActiveCfg = Release|Any CPU
		{CD490C24-9993-47A1-8BFC-F2EE93FF8E7B}.Release|Any CPU.Build.0 = Release|Any CPU
		{4B1B2A2D-588E-4CAC-8F73-6AE4A65C352D}.Debug|Any CPU.ActiveCfg = Debug|Any CPU
		{4B1B2A2D-588E-4CAC-8F73-6AE4A65C352D}.Debug|Any CPU.Build.0 = Debug|Any CPU
		{4B1B2A2D-588E-4CAC-8F73-6AE4A65C352D}.Release|Any CPU.ActiveCfg = Release|Any CPU
		{4B1B2A2D-588E-4CAC-8F73-6AE4A65C352D}.Release|Any CPU.Build.0 = Release|Any CPU
	EndGlobalSection
	GlobalSection(SolutionProperties) = preSolution
		HideSolutionNode = FALSE
	EndGlobalSection
	GlobalSection(ExtensibilityGlobals) = postSolution
		SolutionGuid = {C0B5DAB8-77F3-4215-8FFB-CEF5ED8DFE10}
	EndGlobalSection
EndGlobal
